
Microsoft Visual Studio Solution File, Format Version 12.00
# Visual Studio Version 16
VisualStudioVersion = 16.0.30621.155
MinimumVisualStudioVersion = 10.0.40219.1
Project("{FAE04EC0-301F-11D3-BF4B-00C04F79EFBC}") = "numque", "numque\numque.csproj", "{3200E262-6BEA-4D88-8AE2-819FDA4CAA68}"
EndProject
Project("{2150E333-8FDC-42A3-9474-1A3956D46DE8}") = "Solution Items", "Solution Items", "{E722669D-0A8E-488C-8B35-E4BA15DC3158}"
EndProject
Global
	GlobalSection(SolutionConfigurationPlatforms) = preSolution
		Debug|Any CPU = Debug|Any CPU
		Release|Any CPU = Release|Any CPU
	EndGlobalSection
	GlobalSection(ProjectConfigurationPlatforms) = postSolution
		{3200E262-6BEA-4D88-8AE2-819FDA4CAA68}.Debug|Any CPU.ActiveCfg = Debug|Any CPU
		{3200E262-6BEA-4D88-8AE2-819FDA4CAA68}.Debug|Any CPU.Build.0 = Debug|Any CPU
		{3200E262-6BEA-4D88-8AE2-819FDA4CAA68}.Release|Any CPU.ActiveCfg = Release|Any CPU
		{3200E262-6BEA-4D88-8AE2-819FDA4CAA68}.Release|Any CPU.Build.0 = Release|Any CPU
	EndGlobalSection
	GlobalSection(SolutionProperties) = preSolution
		HideSolutionNode = FALSE
	EndGlobalSection
	GlobalSection(ExtensibilityGlobals) = postSolution
		SolutionGuid = {26655C14-7E22-4FEB-B33A-FFF5BD5E4E95}
	EndGlobalSection
EndGlobal
